
Microsoft Visual Studio Solution File, Format Version 12.00
# Visual Studio Version 17
VisualStudioVersion = 17.6.33712.159
MinimumVisualStudioVersion = 10.0.40219.1
Project("{9A19103F-16F7-4668-BE54-9A1E7A4F7556}") = "bvn-console", "bvn-console\bvn-console.csproj", "{A95D7F3C-D5C2-4522-961C-5CBC4B0A9A68}"
EndProject
Project("{9A19103F-16F7-4668-BE54-9A1E7A4F7556}") = "bvnote-web-api", "bvnote-web-api\bvnote-web-api.csproj", "{B8FF2A8C-4B8F-4987-84DB-2117382B4713}"
EndProject
Global
	GlobalSection(SolutionConfigurationPlatforms) = preSolution
		Debug|Any CPU = Debug|Any CPU
		Release|Any CPU = Release|Any CPU
	EndGlobalSection
	GlobalSection(ProjectConfigurationPlatforms) = postSolution
		{A95D7F3C-D5C2-4522-961C-5CBC4B0A9A68}.Debug|Any CPU.ActiveCfg = Debug|Any CPU
		{A95D7F3C-D5C2-4522-961C-5CBC4B0A9A68}.Debug|Any CPU.Build.0 = Debug|Any CPU
		{A95D7F3C-D5C2-4522-961C-5CBC4B0A9A68}.Release|Any CPU.ActiveCfg = Release|Any CPU
		{A95D7F3C-D5C2-4522-961C-5CBC4B0A9A68}.Release|Any CPU.Build.0 = Release|Any CPU
		{B8FF2A8C-4B8F-4987-84DB-2117382B4713}.Debug|Any CPU.ActiveCfg = Debug|Any CPU
		{B8FF2A8C-4B8F-4987-84DB-2117382B4713}.Debug|Any CPU.Build.0 = Debug|Any CPU
		{B8FF2A8C-4B8F-4987-84DB-2117382B4713}.Release|Any CPU.ActiveCfg = Release|Any CPU
		{B8FF2A8C-4B8F-4987-84DB-2117382B4713}.Release|Any CPU.Build.0 = Release|Any CPU
	EndGlobalSection
	GlobalSection(SolutionProperties) = preSolution
		HideSolutionNode = FALSE
	EndGlobalSection
	GlobalSection(ExtensibilityGlobals) = postSolution
		SolutionGuid = {ACF64A2E-5DA1-4AED-932C-2C6AEE4DC80E}
	EndGlobalSection
EndGlobal
